
Microsoft Visual Studio Solution File, Format Version 12.00
# Visual Studio Version 17
VisualStudioVersion = 17.14.36518.9 d17.14
MinimumVisualStudioVersion = 10.0.40219.1
Project("{FAE04EC0-301F-11D3-BF4B-00C04F79EFBC}") = "HelloWorldApp", "HelloWorldApp\HelloWorldApp.csproj", "{B1E9E87B-47FA-4E87-BD08-B57DBED6669B}"
EndProject
Global
	GlobalSection(SolutionConfigurationPlatforms) = preSolution
		Debug|Any CPU = Debug|Any CPU
		Release|Any CPU = Release|Any CPU
	EndGlobalSection
	GlobalSection(ProjectConfigurationPlatforms) = postSolution
		{B1E9E87B-47FA-4E87-BD08-B57DBED6669B}.Debug|Any CPU.ActiveCfg = Debug|Any CPU
		{B1E9E87B-47FA-4E87-BD08-B57DBED6669B}.Debug|Any CPU.Build.0 = Debug|Any CPU
		{B1E9E87B-47FA-4E87-BD08-B57DBED6669B}.Release|Any CPU.ActiveCfg = Release|Any CPU
		{B1E9E87B-47FA-4E87-BD08-B57DBED6669B}.Release|Any CPU.Build.0 = Release|Any CPU
	EndGlobalSection
	GlobalSection(SolutionProperties) = preSolution
		HideSolutionNode = FALSE
	EndGlobalSection
	GlobalSection(ExtensibilityGlobals) = postSolution
		SolutionGuid = {24ACDB6F-37E2-44BD-A386-52CF6550B800}
	EndGlobalSection
EndGlobal
