
Microsoft Visual Studio Solution File, Format Version 12.00
# Visual Studio Version 17
VisualStudioVersion = 17.14.36518.9 d17.14
MinimumVisualStudioVersion = 10.0.40219.1
Project("{FAE04EC0-301F-11D3-BF4B-00C04F79EFBC}") = "Abstract", "Abstract\Abstract.csproj", "{DAAB67F4-E260-4067-9D0C-23D7349D81DC}"
EndProject
Global
	GlobalSection(SolutionConfigurationPlatforms) = preSolution
		Debug|Any CPU = Debug|Any CPU
		Release|Any CPU = Release|Any CPU
	EndGlobalSection
	GlobalSection(ProjectConfigurationPlatforms) = postSolution
		{DAAB67F4-E260-4067-9D0C-23D7349D81DC}.Debug|Any CPU.ActiveCfg = Debug|Any CPU
		{DAAB67F4-E260-4067-9D0C-23D7349D81DC}.Debug|Any CPU.Build.0 = Debug|Any CPU
		{DAAB67F4-E260-4067-9D0C-23D7349D81DC}.Release|Any CPU.ActiveCfg = Release|Any CPU
		{DAAB67F4-E260-4067-9D0C-23D7349D81DC}.Release|Any CPU.Build.0 = Release|Any CPU
	EndGlobalSection
	GlobalSection(SolutionProperties) = preSolution
		HideSolutionNode = FALSE
	EndGlobalSection
	GlobalSection(ExtensibilityGlobals) = postSolution
		SolutionGuid = {5E45CF15-372D-43EE-B410-0433024C2A70}
	EndGlobalSection
EndGlobal
