
Microsoft Visual Studio Solution File, Format Version 12.00
# Visual Studio Version 17
VisualStudioVersion = 17.14.36518.9 d17.14
MinimumVisualStudioVersion = 10.0.40219.1
Project("{FAE04EC0-301F-11D3-BF4B-00C04F79EFBC}") = "Lambda", "Lambda.csproj", "{7B75DC0C-A446-4797-B84E-09D01D8EBF8B}"
EndProject
Global
	GlobalSection(SolutionConfigurationPlatforms) = preSolution
		Debug|Any CPU = Debug|Any CPU
		Release|Any CPU = Release|Any CPU
	EndGlobalSection
	GlobalSection(ProjectConfigurationPlatforms) = postSolution
		{7B75DC0C-A446-4797-B84E-09D01D8EBF8B}.Debug|Any CPU.ActiveCfg = Debug|Any CPU
		{7B75DC0C-A446-4797-B84E-09D01D8EBF8B}.Debug|Any CPU.Build.0 = Debug|Any CPU
		{7B75DC0C-A446-4797-B84E-09D01D8EBF8B}.Release|Any CPU.ActiveCfg = Release|Any CPU
		{7B75DC0C-A446-4797-B84E-09D01D8EBF8B}.Release|Any CPU.Build.0 = Release|Any CPU
	EndGlobalSection
	GlobalSection(SolutionProperties) = preSolution
		HideSolutionNode = FALSE
	EndGlobalSection
	GlobalSection(ExtensibilityGlobals) = postSolution
		SolutionGuid = {DA0CE1B4-347C-4437-ADE1-FF9B51541C38}
	EndGlobalSection
EndGlobal
